
Microsoft Visual Studio Solution File, Format Version 12.00
# Visual Studio Version 17
VisualStudioVersion = 17.2.32616.157
MinimumVisualStudioVersion = 10.0.40219.1
Project("{FAE04EC0-301F-11D3-BF4B-00C04F79EFBC}") = "Hello World", "Advance Steel 2023 Solution\Hello World.csproj", "{D64BD017-FBA0-4A55-A5C1-773919573FDD}"
EndProject
Project("{FAE04EC0-301F-11D3-BF4B-00C04F79EFBC}") = "CreateElements", "CreateElements\CreateElements.csproj", "{D032D014-4B96-4BC9-A8A5-E4C340581E80}"
EndProject
Global
	GlobalSection(SolutionConfigurationPlatforms) = preSolution
		Debug|Any CPU = Debug|Any CPU
		Release|Any CPU = Release|Any CPU
	EndGlobalSection
	GlobalSection(ProjectConfigurationPlatforms) = postSolution
		{D64BD017-FBA0-4A55-A5C1-773919573FDD}.Debug|Any CPU.ActiveCfg = Debug|Any CPU
		{D64BD017-FBA0-4A55-A5C1-773919573FDD}.Debug|Any CPU.Build.0 = Debug|Any CPU
		{D64BD017-FBA0-4A55-A5C1-773919573FDD}.Release|Any CPU.ActiveCfg = Release|Any CPU
		{D64BD017-FBA0-4A55-A5C1-773919573FDD}.Release|Any CPU.Build.0 = Release|Any CPU
		{D032D014-4B96-4BC9-A8A5-E4C340581E80}.Debug|Any CPU.ActiveCfg = Debug|Any CPU
		{D032D014-4B96-4BC9-A8A5-E4C340581E80}.Debug|Any CPU.Build.0 = Debug|Any CPU
		{D032D014-4B96-4BC9-A8A5-E4C340581E80}.Release|Any CPU.ActiveCfg = Release|Any CPU
		{D032D014-4B96-4BC9-A8A5-E4C340581E80}.Release|Any CPU.Build.0 = Release|Any CPU
	EndGlobalSection
	GlobalSection(SolutionProperties) = preSolution
		HideSolutionNode = FALSE
	EndGlobalSection
	GlobalSection(ExtensibilityGlobals) = postSolution
		SolutionGuid = {AF8CE40C-48FC-4009-9976-C1619230AF58}
	EndGlobalSection
EndGlobal
