
Microsoft Visual Studio Solution File, Format Version 12.00
# Visual Studio Version 17
VisualStudioVersion = 17.2.32616.157
MinimumVisualStudioVersion = 10.0.40219.1
Project("{FAE04EC0-301F-11D3-BF4B-00C04F79EFBC}") = "Hello World", "\10.1.37.5\国住共享文件夹\国住设计区\设计共享区\BIM项目\高级钢铁Advance Steel\Advance Steel Solution\Advance Steel 2023 Solution\Advance Steel 2023 Solution\Hello World.csproj", "{B53ED298-1507-4CF7-91A3-A441CC41483D}"
EndProject
Global
	GlobalSection(SolutionConfigurationPlatforms) = preSolution
		Debug|Any CPU = Debug|Any CPU
		Release|Any CPU = Release|Any CPU
	EndGlobalSection
	GlobalSection(ProjectConfigurationPlatforms) = postSolution
		{B53ED298-1507-4CF7-91A3-A441CC41483D}.Debug|Any CPU.ActiveCfg = Debug|Any CPU
		{B53ED298-1507-4CF7-91A3-A441CC41483D}.Debug|Any CPU.Build.0 = Debug|Any CPU
		{B53ED298-1507-4CF7-91A3-A441CC41483D}.Release|Any CPU.ActiveCfg = Release|Any CPU
		{B53ED298-1507-4CF7-91A3-A441CC41483D}.Release|Any CPU.Build.0 = Release|Any CPU
	EndGlobalSection
	GlobalSection(SolutionProperties) = preSolution
		HideSolutionNode = FALSE
	EndGlobalSection
	GlobalSection(ExtensibilityGlobals) = postSolution
		SolutionGuid = {51B350BF-D2A4-4A88-9DB5-3D15F25B47F8}
	EndGlobalSection
EndGlobal
